# banco.lock — integridad de los archivos del banco de imagenes. Sistema 13.
#
# Generado por: node tools/banco/lock.js --generar
# Comprobado por CI:  node tools/banco/lock.js --comprobar
#
# Un hash que CAMBIA con el id intacto significa que alguien sustituyo el archivo
# detras de un identificador existente. Eso esta prohibido: el id es la clave con la
# que se guarda que estimulo vio el paciente. La via correcta es retirar el id y
# crear otro.

ambulancia  8ae97b4fc9730150694fcf837a15f88e
autobus  2dbfa62f1aeddfe077912877f318a9ae
barreno  799f8340a33e4226e12666f39316e583
bol  e4312f8cbcf099211248211ffab20678
boligrafo  05bcbf12dbb36f5561830c53e815e858
brocha-fina  23612b90ea7ab756b1369b84c958ea0b
camion  f77e057299e3e969d183605a665b2104
camioneta  b37655eb62ad6baea81eae7932c9969a
caravana  8b60653ad341d4a7138157c1cc6c2931
carboncillo  2cbd0110633aa7e6679542ef81cef56b
cazo  e623ecc525797f7b1da8943e7cb7869f
cazuela  7140dc01da128a384b278b59fc4ea449
cebolla  517350d0ebbb9ac338a3c765bd66f5f1
cera  cfe7fa2faae237be60254dc88637cc81
ciruela  16d60c7eee2128ee25b6b94c1ef9a1f9
coche  7ac02206e3c94d33f9c05311cc80e0b5
coche-pequeno  7584815591c9f23a1067ec3acc168192
copa  75ff18554c22967027e7a7829233fbd7
cubilete  49e807cf6d3b5691b829c36fa305e8ed
cubo  c2e32e9f042c9b672f87bd84278d2152
estilografo  b04f842a20e6c992cbfefc4b31d71fa1
furgon  7089c4a6abb2587a61e26b3aba31f813
furgoneta  9f521c89e293e540e22ed9ac802b2790
granada  91733b0ae0b5915bd3049b471c7294a9
jarra  c0337cdd77e4351f526167b4619b1b8a
jarron  f32e4b855b15435eb4adf2233396200c
kiwi  914b67eaaed007ff1863ac420e631b35
lapiz  8b32a54adb02858dcc7f69c135be1f0a
lapiz-corto  5be18f3e5cca735df4cc65d9977866c1
maceta  ee711621ff35459893a99819426f9a18
mandarina  89867390558070799082df424c2d6ed3
manzana  9283944b070d37aa92e55591b8c63443
marcador  20db1496c0527ceb972be20777fdab08
melocoton  05889bc505285a43f7b7b19855a2d4a0
melon  024d5a2b4f7a05bd367b33ff560c225a
minibus  8b03f50778a9c3628b9b2e0c2becd229
monovolumen  accfc02b69404aa0a8643eb6effe1400
nabo  5c2b1d774ed3396e5a9209840cf4084b
naranja  d35064db4cc92ef0e5c00b20176b8a9b
nectarina  ab8ca4093cb07f79c2cba932289b645c
olla-abierta  0264bb4d6adef87e6ef81df92edc4027
papelera  454c23a2fee660ffd03895e16472b625
pera  07aa0d7793afd96de48c338eaec554bd
pincel  c9a7a3800ad1ceddc4ef57a80e1c46e6
pluma  5bbe1bd638af254860a63dd24a5985a6
plumilla  3e53cdde50096eefec51ecffa1916856
pomelo  bd9bc65e6d0b41dc0733027cc5e3a4ab
portaminas  3c4814850a5e72c4d962a3b40fe13b12
punzon  41de1ee7208ff25e6a69fc5a8e9e9795
regadera  2893d0e3080bfff641023a5236bbcaf5
remolacha  d8a8ea9b4d41692a36c47536f3a7bbec
remolque  ce1a3bf770ffe47cf2cde92993a8797c
rotulador  878efc128484666b21be118f6936154d
sandia  e7f1179ab342dc6e8d492bd9716a7823
subrayador  2fbd068bb375df08dd0aa99e43f998d4
taxi  c7911d1a6cc3306b6ae3b516f10e6fa1
taza  55c2bb9e30030fa2c18ffa373bf4de0a
tiesto  3b1e8863ada380fb5059148f74370df0
tiza  9476b5628ed104136e80fccc4fe40c6d
todoterreno  be18e339734500fec60e9cc35102f4e4
tomate  679073323feb929c950a475af1f9815c
tractor  17b7dbefefad151b36699a56a545987b
vaso  3c5eb33d61c594aef3a6945989b10aaa
volquete  de329abf616dad6180fe59097df86613
